
Microsoft Visual Studio Solution File, Format Version 12.00
# Visual Studio Version 17
VisualStudioVersion = 17.6.33801.468
MinimumVisualStudioVersion = 10.0.40219.1
Project("{FAE04EC0-301F-11D3-BF4B-00C04F79EFBC}") = "Projek_ASP.NET", "Projek_ASP.NET.csproj", "{7FAA1C32-2C62-4F12-9E38-4895568CCC20}"
EndProject
Global
	GlobalSection(SolutionConfigurationPlatforms) = preSolution
		Debug|Any CPU = Debug|Any CPU
		Release|Any CPU = Release|Any CPU
	EndGlobalSection
	GlobalSection(ProjectConfigurationPlatforms) = postSolution
		{7FAA1C32-2C62-4F12-9E38-4895568CCC20}.Debug|Any CPU.ActiveCfg = Debug|Any CPU
		{7FAA1C32-2C62-4F12-9E38-4895568CCC20}.Debug|Any CPU.Build.0 = Debug|Any CPU
		{7FAA1C32-2C62-4F12-9E38-4895568CCC20}.Release|Any CPU.ActiveCfg = Release|Any CPU
		{7FAA1C32-2C62-4F12-9E38-4895568CCC20}.Release|Any CPU.Build.0 = Release|Any CPU
	EndGlobalSection
	GlobalSection(SolutionProperties) = preSolution
		HideSolutionNode = FALSE
	EndGlobalSection
	GlobalSection(ExtensibilityGlobals) = postSolution
		SolutionGuid = {BF367FF5-91AB-457D-B709-05DF27CF05CD}
	EndGlobalSection
EndGlobal
